
Microsoft Visual Studio Solution File, Format Version 12.00
# Visual Studio Version 17
VisualStudioVersion = 17.9.34728.123
MinimumVisualStudioVersion = 10.0.40219.1
Project("{FAE04EC0-301F-11D3-BF4B-00C04F79EFBC}") = "Pharmacy.Api", "Pharmacy.Api.csproj", "{A481B018-E5AF-48C9-8334-44B6836863FF}"
EndProject
Project("{FAE04EC0-301F-11D3-BF4B-00C04F79EFBC}") = "Pharmacy.Dal", "..\Pharmacy.Dal\Pharmacy.Dal.csproj", "{8A58B8AA-11CA-44E0-B954-EC2CB490ECD7}"
EndProject
Project("{FAE04EC0-301F-11D3-BF4B-00C04F79EFBC}") = "Pharmacy.Entities", "..\Pharmacy.Entities\Pharmacy.Entities.csproj", "{FDDC909D-CE2D-495B-9072-177062972CED}"
EndProject
Global
	GlobalSection(SolutionConfigurationPlatforms) = preSolution
		Debug|Any CPU = Debug|Any CPU
		Release|Any CPU = Release|Any CPU
	EndGlobalSection
	GlobalSection(ProjectConfigurationPlatforms) = postSolution
		{A481B018-E5AF-48C9-8334-44B6836863FF}.Debug|Any CPU.ActiveCfg = Debug|Any CPU
		{A481B018-E5AF-48C9-8334-44B6836863FF}.Debug|Any CPU.Build.0 = Debug|Any CPU
		{A481B018-E5AF-48C9-8334-44B6836863FF}.Release|Any CPU.ActiveCfg = Release|Any CPU
		{A481B018-E5AF-48C9-8334-44B6836863FF}.Release|Any CPU.Build.0 = Release|Any CPU
		{8A58B8AA-11CA-44E0-B954-EC2CB490ECD7}.Debug|Any CPU.ActiveCfg = Debug|Any CPU
		{8A58B8AA-11CA-44E0-B954-EC2CB490ECD7}.Debug|Any CPU.Build.0 = Debug|Any CPU
		{8A58B8AA-11CA-44E0-B954-EC2CB490ECD7}.Release|Any CPU.ActiveCfg = Release|Any CPU
		{8A58B8AA-11CA-44E0-B954-EC2CB490ECD7}.Release|Any CPU.Build.0 = Release|Any CPU
		{FDDC909D-CE2D-495B-9072-177062972CED}.Debug|Any CPU.ActiveCfg = Debug|Any CPU
		{FDDC909D-CE2D-495B-9072-177062972CED}.Debug|Any CPU.Build.0 = Debug|Any CPU
		{FDDC909D-CE2D-495B-9072-177062972CED}.Release|Any CPU.ActiveCfg = Release|Any CPU
		{FDDC909D-CE2D-495B-9072-177062972CED}.Release|Any CPU.Build.0 = Release|Any CPU
	EndGlobalSection
	GlobalSection(SolutionProperties) = preSolution
		HideSolutionNode = FALSE
	EndGlobalSection
	GlobalSection(ExtensibilityGlobals) = postSolution
		SolutionGuid = {F5F24020-109B-47A4-8308-5C172E6B6F3A}
	EndGlobalSection
EndGlobal
